// !$*UTF8*$!
{
	archiveVersion = 1;
	classes = {
	};
	objectVersion = 50;
	objects = {

/* Begin PBXBuildFile section */
		C33297CC26956339008856CC /* recipes.json in Resources */ = {isa = PBXBuildFile; fileRef = C33297CB26956339008856CC /* recipes.json */; };
		C33297CE2695FDF5008856CC /* DataService.swift in Sources */ = {isa = PBXBuildFile; fileRef = C33297CD2695FDF5008856CC /* DataService.swift */; };
		C33297D026960D4B008856CC /* RecipeDetailView.swift in Sources */ = {isa = PBXBuildFile; fileRef = C33297CF26960D4B008856CC /* RecipeDetailView.swift */; };
		C33297D426961D66008856CC /* RecipeTabView.swift in Sources */ = {isa = PBXBuildFile; fileRef = C33297D326961D66008856CC /* RecipeTabView.swift */; };
		C33297D626962531008856CC /* RecipeFeaturedView.swift in Sources */ = {isa = PBXBuildFile; fileRef = C33297D526962531008856CC /* RecipeFeaturedView.swift */; };
		C3A3A2D12694D82C00D93DBE /* recipeApp.swift in Sources */ = {isa = PBXBuildFile; fileRef = C3A3A2D02694D82C00D93DBE /* recipeApp.swift */; };
		C3A3A2D32694D82C00D93DBE /* RecipeListView.swift in Sources */ = {isa = PBXBuildFile; fileRef = C3A3A2D22694D82C00D93DBE /* RecipeListView.swift */; };
		C3A3A2D52694D83000D93DBE /* Assets.xcassets in Resources */ = {isa = PBXBuildFile; fileRef = C3A3A2D42694D83000D93DBE /* Assets.xcassets */; };
		C3A3A2D82694D83000D93DBE /* Preview Assets.xcassets in Resources */ = {isa = PBXBuildFile; fileRef = C3A3A2D72694D83000D93DBE /* Preview Assets.xcassets */; };
		C3A3A2E32695048C00D93DBE /* Recipe.swift in Sources */ = {isa = PBXBuildFile; fileRef = C3A3A2E22695048C00D93DBE /* Recipe.swift */; };
		C3A3A2E52695049800D93DBE /* RecipeModel.swift in Sources */ = {isa = PBXBuildFile; fileRef = C3A3A2E42695049800D93DBE /* RecipeModel.swift */; };
/* End PBXBuildFile section */

/* Begin PBXFileReference section */
		C33297CB26956339008856CC /* recipes.json */ = {isa = PBXFileReference; fileEncoding = 4; lastKnownFileType = text.json; name = recipes.json; path = "../../../../../Downloads/iOS Foundations 2021/Module 2/Lesson 13/RecipeListApp Resources/recipes.json"; sourceTree = "<group>"; };
		C33297CD2695FDF5008856CC /* DataService.swift */ = {isa = PBXFileReference; lastKnownFileType = sourcecode.swift; path = DataService.swift; sourceTree = "<group>"; };
		C33297CF26960D4B008856CC /* RecipeDetailView.swift */ = {isa = PBXFileReference; lastKnownFileType = sourcecode.swift; path = RecipeDetailView.swift; sourceTree = "<group>"; };
		C33297D326961D66008856CC /* RecipeTabView.swift */ = {isa = PBXFileReference; lastKnownFileType = sourcecode.swift; path = RecipeTabView.swift; sourceTree = "<group>"; };
		C33297D526962531008856CC /* RecipeFeaturedView.swift */ = {isa = PBXFileReference; lastKnownFileType = sourcecode.swift; path = RecipeFeaturedView.swift; sourceTree = "<group>"; };
		C3A3A2CD2694D82C00D93DBE /* recipe.app */ = {isa = PBXFileReference; explicitFileType = wrapper.application; includeInIndex = 0; path = recipe.app; sourceTree = BUILT_PRODUCTS_DIR; };
		C3A3A2D02694D82C00D93DBE /* recipeApp.swift */ = {isa = PBXFileReference; lastKnownFileType = sourcecode.swift; path = recipeApp.swift; sourceTree = "<group>"; };
		C3A3A2D22694D82C00D93DBE /* RecipeListView.swift */ = {isa = PBXFileReference; lastKnownFileType = sourcecode.swift; path = RecipeListView.swift; sourceTree = "<group>"; };
		C3A3A2D42694D83000D93DBE /* Assets.xcassets */ = {isa = PBXFileReference; lastKnownFileType = folder.assetcatalog; path = Assets.xcassets; sourceTree = "<group>"; };
		C3A3A2D72694D83000D93DBE /* Preview Assets.xcassets */ = {isa = PBXFileReference; lastKnownFileType = folder.assetcatalog; path = "Preview Assets.xcassets"; sourceTree = "<group>"; };
		C3A3A2D92694D83000D93DBE /* Info.plist */ = {isa = PBXFileReference; lastKnownFileType = text.plist.xml; path = Info.plist; sourceTree = "<group>"; };
		C3A3A2E22695048C00D93DBE /* Recipe.swift */ = {isa = PBXFileReference; lastKnownFileType = sourcecode.swift; path = Recipe.swift; sourceTree = "<group>"; };
		C3A3A2E42695049800D93DBE /* RecipeModel.swift */ = {isa = PBXFileReference; lastKnownFileType = sourcecode.swift; path = RecipeModel.swift; sourceTree = "<group>"; };
/* End PBXFileReference section */

/* Begin PBXFrameworksBuildPhase section */
		C3A3A2CA2694D82C00D93DBE /* Frameworks */ = {
			isa = PBXFrameworksBuildPhase;
			buildActionMask = 2147483647;
			files = (
			);
			runOnlyForDeploymentPostprocessing = 0;
		};
/* End PBXFrameworksBuildPhase section */

/* Begin PBXGroup section */
		C33297C72695531B008856CC /* Data */ = {
			isa = PBXGroup;
			children = (
				C33297CB26956339008856CC /* recipes.json */,
			);
			path = Data;
			sourceTree = "<group>";
		};
		C33297CA269562C6008856CC /* Services */ = {
			isa = PBXGroup;
			children = (
				C33297CD2695FDF5008856CC /* DataService.swift */,
			);
			path = Services;
			sourceTree = "<group>";
		};
		C3A3A2C42694D82C00D93DBE = {
			isa = PBXGroup;
			children = (
				C3A3A2CF2694D82C00D93DBE /* recipe */,
				C3A3A2CE2694D82C00D93DBE /* Products */,
			);
			sourceTree = "<group>";
		};
		C3A3A2CE2694D82C00D93DBE /* Products */ = {
			isa = PBXGroup;
			children = (
				C3A3A2CD2694D82C00D93DBE /* recipe.app */,
			);
			name = Products;
			sourceTree = "<group>";
		};
		C3A3A2CF2694D82C00D93DBE /* recipe */ = {
			isa = PBXGroup;
			children = (
				C3A3A2D02694D82C00D93DBE /* recipeApp.swift */,
				C33297CA269562C6008856CC /* Services */,
				C3A3A2DF2695040100D93DBE /* Views */,
				C3A3A2E12695043D00D93DBE /* ViewModels */,
				C3A3A2E02695043500D93DBE /* Models */,
				C33297C72695531B008856CC /* Data */,
				C3A3A2D42694D83000D93DBE /* Assets.xcassets */,
				C3A3A2D92694D83000D93DBE /* Info.plist */,
				C3A3A2D62694D83000D93DBE /* Preview Content */,
			);
			path = recipe;
			sourceTree = "<group>";
		};
		C3A3A2D62694D83000D93DBE /* Preview Content */ = {
			isa = PBXGroup;
			children = (
				C3A3A2D72694D83000D93DBE /* Preview Assets.xcassets */,
			);
			path = "Preview Content";
			sourceTree = "<group>";
		};
		C3A3A2DF2695040100D93DBE /* Views */ = {
			isa = PBXGroup;
			children = (
				C3A3A2D22694D82C00D93DBE /* RecipeListView.swift */,
				C33297CF26960D4B008856CC /* RecipeDetailView.swift */,
				C33297D326961D66008856CC /* RecipeTabView.swift */,
				C33297D526962531008856CC /* RecipeFeaturedView.swift */,
			);
			path = Views;
			sourceTree = "<group>";
		};
		C3A3A2E02695043500D93DBE /* Models */ = {
			isa = PBXGroup;
			children = (
				C3A3A2E22695048C00D93DBE /* Recipe.swift */,
			);
			path = Models;
			sourceTree = "<group>";
		};
		C3A3A2E12695043D00D93DBE /* ViewModels */ = {
			isa = PBXGroup;
			children = (
				C3A3A2E42695049800D93DBE /* RecipeModel.swift */,
			);
			path = ViewModels;
			sourceTree = "<group>";
		};
/* End PBXGroup section */

/* Begin PBXNativeTarget section */
		C3A3A2CC2694D82C00D93DBE /* recipe */ = {
			isa = PBXNativeTarget;
			buildConfigurationList = C3A3A2DC2694D83000D93DBE /* Build configuration list for PBXNativeTarget "recipe" */;
			buildPhases = (
				C3A3A2C92694D82C00D93DBE /* Sources */,
				C3A3A2CA2694D82C00D93DBE /* Frameworks */,
				C3A3A2CB2694D82C00D93DBE /* Resources */,
			);
			buildRules = (
			);
			dependencies = (
			);
			name = recipe;
			productName = recipe;
			productReference = C3A3A2CD2694D82C00D93DBE /* recipe.app */;
			productType = "com.apple.product-type.application";
		};
/* End PBXNativeTarget section */

/* Begin PBXProject section */
		C3A3A2C52694D82C00D93DBE /* Project object */ = {
			isa = PBXProject;
			attributes = {
				LastSwiftUpdateCheck = 1250;
				LastUpgradeCheck = 1250;
				TargetAttributes = {
					C3A3A2CC2694D82C00D93DBE = {
						CreatedOnToolsVersion = 12.5.1;
					};
				};
			};
			buildConfigurationList = C3A3A2C82694D82C00D93DBE /* Build configuration list for PBXProject "recipe" */;
			compatibilityVersion = "Xcode 9.3";
			developmentRegion = en;
			hasScannedForEncodings = 0;
			knownRegions = (
				en,
				Base,
			);
			mainGroup = C3A3A2C42694D82C00D93DBE;
			productRefGroup = C3A3A2CE2694D82C00D93DBE /* Products */;
			projectDirPath = "";
			projectRoot = "";
			targets = (
				C3A3A2CC2694D82C00D93DBE /* recipe */,
			);
		};
/* End PBXProject section */

/* Begin PBXResourcesBuildPhase section */
		C3A3A2CB2694D82C00D93DBE /* Resources */ = {
			isa = PBXResourcesBuildPhase;
			buildActionMask = 2147483647;
			files = (
				C3A3A2D82694D83000D93DBE /* Preview Assets.xcassets in Resources */,
				C3A3A2D52694D83000D93DBE /* Assets.xcassets in Resources */,
				C33297CC26956339008856CC /* recipes.json in Resources */,
			);
			runOnlyForDeploymentPostprocessing = 0;
		};
/* End PBXResourcesBuildPhase section */

/* Begin PBXSourcesBuildPhase section */
		C3A3A2C92694D82C00D93DBE /* Sources */ = {
			isa = PBXSourcesBuildPhase;
			buildActionMask = 2147483647;
			files = (
				C3A3A2E32695048C00D93DBE /* Recipe.swift in Sources */,
				C33297D026960D4B008856CC /* RecipeDetailView.swift in Sources */,
				C3A3A2E52695049800D93DBE /* RecipeModel.swift in Sources */,
				C3A3A2D32694D82C00D93DBE /* RecipeListView.swift in Sources */,
				C3A3A2D12694D82C00D93DBE /* recipeApp.swift in Sources */,
				C33297CE2695FDF5008856CC /* DataService.swift in Sources */,
				C33297D626962531008856CC /* RecipeFeaturedView.swift in Sources */,
				C33297D426961D66008856CC /* RecipeTabView.swift in Sources */,
			);
			runOnlyForDeploymentPostprocessing = 0;
		};
/* End PBXSourcesBuildPhase section */

/* Begin XCBuildConfiguration section */
		C3A3A2DA2694D83000D93DBE /* Debug */ = {
			isa = XCBuildConfiguration;
			buildSettings = {
				ALWAYS_SEARCH_USER_PATHS = NO;
				CLANG_ANALYZER_NONNULL = YES;
				CLANG_ANALYZER_NUMBER_OBJECT_CONVERSION = YES_AGGRESSIVE;
				CLANG_CXX_LANGUAGE_STANDARD = "gnu++14";
				CLANG_CXX_LIBRARY = "libc++";
				CLANG_ENABLE_MODULES = YES;
				CLANG_ENABLE_OBJC_ARC = YES;
				CLANG_ENABLE_OBJC_WEAK = YES;
				CLANG_WARN_BLOCK_CAPTURE_AUTORELEASING = YES;
				CLANG_WARN_BOOL_CONVERSION = YES;
				CLANG_WARN_COMMA = YES;
				CLANG_WARN_CONSTANT_CONVERSION = YES;
				CLANG_WARN_DEPRECATED_OBJC_IMPLEMENTATIONS = YES;
				CLANG_WARN_DIRECT_OBJC_ISA_USAGE = YES_ERROR;
				CLANG_WARN_DOCUMENTATION_COMMENTS = YES;
				CLANG_WARN_EMPTY_BODY = YES;
				CLANG_WARN_ENUM_CONVERSION = YES;
				CLANG_WARN_INFINITE_RECURSION = YES;
				CLANG_WARN_INT_CONVERSION = YES;
				CLANG_WARN_NON_LITERAL_NULL_CONVERSION = YES;
				CLANG_WARN_OBJC_IMPLICIT_RETAIN_SELF = YES;
				CLANG_WARN_OBJC_LITERAL_CONVERSION = YES;
				CLANG_WARN_OBJC_ROOT_CLASS = YES_ERROR;
				CLANG_WARN_QUOTED_INCLUDE_IN_FRAMEWORK_HEADER = YES;
				CLANG_WARN_RANGE_LOOP_ANALYSIS = YES;
				CLANG_WARN_STRICT_PROTOTYPES = YES;
				CLANG_WARN_SUSPICIOUS_MOVE = YES;
				CLANG_WARN_UNGUARDED_AVAILABILITY = YES_AGGRESSIVE;
				CLANG_WARN_UNREACHABLE_CODE = YES;
				CLANG_WARN__DUPLICATE_METHOD_MATCH = YES;
				COPY_PHASE_STRIP = NO;
				DEBUG_INFORMATION_FORMAT = dwarf;
				ENABLE_STRICT_OBJC_MSGSEND = YES;
				ENABLE_TESTABILITY = YES;
				GCC_C_LANGUAGE_STANDARD = gnu11;
				GCC_DYNAMIC_NO_PIC = NO;
				GCC_NO_COMMON_BLOCKS = YES;
				GCC_OPTIMIZATION_LEVEL = 0;
				GCC_PREPROCESSOR_DEFINITIONS = (
					"DEBUG=1",
					"$(inherited)",
				);
				GCC_WARN_64_TO_32_BIT_CONVERSION = YES;
				GCC_WARN_ABOUT_RETURN_TYPE = YES_ERROR;
				GCC_WARN_UNDECLARED_SELECTOR = YES;
				GCC_WARN_UNINITIALIZED_AUTOS = YES_AGGRESSIVE;
				GCC_WARN_UNUSED_FUNCTION = YES;
				GCC_WARN_UNUSED_VARIABLE = YES;
				IPHONEOS_DEPLOYMENT_TARGET = 14.5;
				MTL_ENABLE_DEBUG_INFO = INCLUDE_SOURCE;
				MTL_FAST_MATH = YES;
				ONLY_ACTIVE_ARCH = YES;
				SDKROOT = iphoneos;
				SWIFT_ACTIVE_COMPILATION_CONDITIONS = DEBUG;
				SWIFT_OPTIMIZATION_LEVEL = "-Onone";
			};
			name = Debug;
		};
		C3A3A2DB2694D83000D93DBE /* Release */ = {
			isa = XCBuildConfiguration;
			buildSettings = {
				ALWAYS_SEARCH_USER_PATHS = NO;
				CLANG_ANALYZER_NONNULL = YES;
				CLANG_ANALYZER_NUMBER_OBJECT_CONVERSION = YES_AGGRESSIVE;
				CLANG_CXX_LANGUAGE_STANDARD = "gnu++14";
				CLANG_CXX_LIBRARY = "libc++";
				CLANG_ENABLE_MODULES = YES;
				CLANG_ENABLE_OBJC_ARC = YES;
				CLANG_ENABLE_OBJC_WEAK = YES;
				CLANG_WARN_BLOCK_CAPTURE_AUTORELEASING = YES;
				CLANG_WARN_BOOL_CONVERSION = YES;
				CLANG_WARN_COMMA = YES;
				CLANG_WARN_CONSTANT_CONVERSION = YES;
				CLANG_WARN_DEPRECATED_OBJC_IMPLEMENTATIONS = YES;
				CLANG_WARN_DIRECT_OBJC_ISA_USAGE = YES_ERROR;
				CLANG_WARN_DOCUMENTATION_COMMENTS = YES;
				CLANG_WARN_EMPTY_BODY = YES;
				CLANG_WARN_ENUM_CONVERSION = YES;
				CLANG_WARN_INFINITE_RECURSION = YES;
				CLANG_WARN_INT_CONVERSION = YES;
				CLANG_WARN_NON_LITERAL_NULL_CONVERSION = YES;
				CLANG_WARN_OBJC_IMPLICIT_RETAIN_SELF = YES;
				CLANG_WARN_OBJC_LITERAL_CONVERSION = YES;
				CLANG_WARN_OBJC_ROOT_CLASS = YES_ERROR;
				CLANG_WARN_QUOTED_INCLUDE_IN_FRAMEWORK_HEADER = YES;
				CLANG_WARN_RANGE_LOOP_ANALYSIS = YES;
				CLANG_WARN_STRICT_PROTOTYPES = YES;
				CLANG_WARN_SUSPICIOUS_MOVE = YES;
				CLANG_WARN_UNGUARDED_AVAILABILITY = YES_AGGRESSIVE;
				CLANG_WARN_UNREACHABLE_CODE = YES;
				CLANG_WARN__DUPLICATE_METHOD_MATCH = YES;
				COPY_PHASE_STRIP = NO;
				DEBUG_INFORMATION_FORMAT = "dwarf-with-dsym";
				ENABLE_NS_ASSERTIONS = NO;
				ENABLE_STRICT_OBJC_MSGSEND = YES;
				GCC_C_LANGUAGE_STANDARD = gnu11;
				GCC_NO_COMMON_BLOCKS = YES;
				GCC_WARN_64_TO_32_BIT_CONVERSION = YES;
				GCC_WARN_ABOUT_RETURN_TYPE = YES_ERROR;
				GCC_WARN_UNDECLARED_SELECTOR = YES;
				GCC_WARN_UNINITIALIZED_AUTOS = YES_AGGRESSIVE;
				GCC_WARN_UNUSED_FUNCTION = YES;
				GCC_WARN_UNUSED_VARIABLE = YES;
				IPHONEOS_DEPLOYMENT_TARGET = 14.5;
				MTL_ENABLE_DEBUG_INFO = NO;
				MTL_FAST_MATH = YES;
				SDKROOT = iphoneos;
				SWIFT_COMPILATION_MODE = wholemodule;
				SWIFT_OPTIMIZATION_LEVEL = "-O";
				VALIDATE_PRODUCT = YES;
			};
			name = Release;
		};
		C3A3A2DD2694D83000D93DBE /* Debug */ = {
			isa = XCBuildConfiguration;
			buildSettings = {
				ASSETCATALOG_COMPILER_APPICON_NAME = AppIcon;
				ASSETCATALOG_COMPILER_GLOBAL_ACCENT_COLOR_NAME = AccentColor;
				CODE_SIGN_STYLE = Automatic;
				DEVELOPMENT_ASSET_PATHS = "\"recipe/Preview Content\"";
				DEVELOPMENT_TEAM = E86DDBF83U;
				ENABLE_PREVIEWS = YES;
				INFOPLIST_FILE = recipe/Info.plist;
				IPHONEOS_DEPLOYMENT_TARGET = 14.0;
				LD_RUNPATH_SEARCH_PATHS = (
					"$(inherited)",
					"@executable_path/Frameworks",
				);
				PRODUCT_BUNDLE_IDENTIFIER = com.adam.recipe;
				PRODUCT_NAME = "$(TARGET_NAME)";
				SWIFT_VERSION = 5.0;
				TARGETED_DEVICE_FAMILY = "1,2";
			};
			name = Debug;
		};
		C3A3A2DE2694D83000D93DBE /* Release */ = {
			isa = XCBuildConfiguration;
			buildSettings = {
				ASSETCATALOG_COMPILER_APPICON_NAME = AppIcon;
				ASSETCATALOG_COMPILER_GLOBAL_ACCENT_COLOR_NAME = AccentColor;
				CODE_SIGN_STYLE = Automatic;
				DEVELOPMENT_ASSET_PATHS = "\"recipe/Preview Content\"";
				DEVELOPMENT_TEAM = E86DDBF83U;
				ENABLE_PREVIEWS = YES;
				INFOPLIST_FILE = recipe/Info.plist;
				IPHONEOS_DEPLOYMENT_TARGET = 14.0;
				LD_RUNPATH_SEARCH_PATHS = (
					"$(inherited)",
					"@executable_path/Frameworks",
				);
				PRODUCT_BUNDLE_IDENTIFIER = com.adam.recipe;
				PRODUCT_NAME = "$(TARGET_NAME)";
				SWIFT_VERSION = 5.0;
				TARGETED_DEVICE_FAMILY = "1,2";
			};
			name = Release;
		};
/* End XCBuildConfiguration section */

/* Begin XCConfigurationList section */
		C3A3A2C82694D82C00D93DBE /* Build configuration list for PBXProject "recipe" */ = {
			isa = XCConfigurationList;
			buildConfigurations = (
				C3A3A2DA2694D83000D93DBE /* Debug */,
				C3A3A2DB2694D83000D93DBE /* Release */,
			);
			defaultConfigurationIsVisible = 0;
			defaultConfigurationName = Release;
		};
		C3A3A2DC2694D83000D93DBE /* Build configuration list for PBXNativeTarget "recipe" */ = {
			isa = XCConfigurationList;
			buildConfigurations = (
				C3A3A2DD2694D83000D93DBE /* Debug */,
				C3A3A2DE2694D83000D93DBE /* Release */,
			);
			defaultConfigurationIsVisible = 0;
			defaultConfigurationName = Release;
		};
/* End XCConfigurationList section */
	};
	rootObject = C3A3A2C52694D82C00D93DBE /* Project object */;
}
